{
  "name": "natural_gallery",
  "lockfileVersion": 1,
  "dependencies": {
    "@types/lodash": {
      "version": "4.14.66",
      "resolved": "https://registry.npmjs.org/@types/lodash/-/lodash-4.14.66.tgz",
      "integrity": "sha512-LpGSiIy5/utq8AT2bSXGnENnS1kCZJ1m84L1yqKst2UehSZe6VWROmiysYg/lLJR6zu2ooeVoQtkUHToA+mEtQ==",
      "dev": true
    },
    "natural-gallery-js": {
      "version": "2.3.1",
      "resolved": "https://registry.npmjs.org/natural-gallery-js/-/natural-gallery-js-2.3.1.tgz",
      "integrity": "sha512-eC41kLfycj8Zka4CJorWr9rKeVL1r0Uj7bZHTpnI29oyQdOY4Gvdyq0xCXtlAoo58M9A1/+fKu1k8N86qN5rsw==",
      "dev": true
    },
    "photoswipe": {
      "version": "4.1.2",
      "resolved": "https://registry.npmjs.org/photoswipe/-/photoswipe-4.1.2.tgz",
      "integrity": "sha1-lcIKdc6iO3DWKZZBytguA8rn95c=",
      "dev": true
    }
  }
}
