{
  "name": "natural_gallery",
  "lockfileVersion": 3,
  "requires": true,
  "packages": {
    "": {
      "name": "natural_gallery",
      "license": "MIT",
      "devDependencies": {
        "@ecodev/natural-gallery-js": "10.0.1"
      }
    },
    "node_modules/@ecodev/natural-gallery-js": {
      "version": "10.0.1",
      "resolved": "https://registry.npmjs.org/@ecodev/natural-gallery-js/-/natural-gallery-js-10.0.1.tgz",
      "integrity": "sha512-zMpQoLalFscinwwxy33wU42TWRPZEkShwrXPqK/3x5NBi00D7faZAAgTmGNe7534SBbeIjlTgeLRgEx7MOHIvg==",
      "dev": true,
      "license": "MIT",
      "engines": {
        "node": ">=18.0.0"
      }
    }
  }
}
