# THIS IS AN AUTOGENERATED FILE. DO NOT EDIT THIS FILE DIRECTLY.
# yarn lockfile v1


"@types/lodash@^4.14.45":
  version "4.14.52"
  resolved "https://registry.yarnpkg.com/@types/lodash/-/lodash-4.14.52.tgz#de5c7ab14da1289733233c9b0ec6f9e377db90f5"

natural-gallery-js@^2.2.1:
  version "2.2.1"
  resolved "https://registry.yarnpkg.com/natural-gallery-js/-/natural-gallery-js-2.2.1.tgz#f62cc4d8a4fbf581253ca32215d11015f29b8229"
  dependencies:
    "@types/lodash" "^4.14.45"
    photoswipe "^4.1.1"

photoswipe@^4.1.1:
  version "4.1.1"
  resolved "https://registry.yarnpkg.com/photoswipe/-/photoswipe-4.1.1.tgz#41b756a2387e220c286598945503014bf622bba9"
