# THIS IS AN AUTOGENERATED FILE. DO NOT EDIT THIS FILE DIRECTLY.
# yarn lockfile v1


"@ecodev/natural-gallery-js@^11.1.1":
  version "11.1.1"
  resolved "https://registry.yarnpkg.com/@ecodev/natural-gallery-js/-/natural-gallery-js-11.1.1.tgz#adcbac921ecc60b3df00337653dd5fd3a4f78126"
  integrity sha512-YhQfE0eFpEib5QreUNd3l0OPSLjt1iC1YF6hohlpsaIRrAopWqiqqR/Bw8UmRiFZs6tK5gMKRCNGP8FY94vP0g==
